{
  "name": "repost",
  "version": "1.0.0",
  "lockfileVersion": 3,
  "requires": true,
  "packages": {
    "": {
      "name": "repost",
      "version": "1.0.0",
      "license": "ISC",
      "dependencies": {
        "@types/axios": "^0.14.0",
        "@types/dotenv": "^8.2.0",
        "@types/node-schedule": "^2.1.0",
        "axios": "^1.4.0",
        "dotenv": "^16.1.4",
        "node-schedule": "^2.1.1",
        "reddit": "^1.2.1"
      },
      "devDependencies": {
        "@types/reddit": "^1.2.1"
      }
    },
    "node_modules/@types/axios": {
      "version": "0.14.0",
      "resolved": "https://registry.npmjs.org/@types/axios/-/axios-0.14.0.tgz",
      "integrity": "sha512-KqQnQbdYE54D7oa/UmYVMZKq7CO4l8DEENzOKc4aBRwxCXSlJXGz83flFx5L7AWrOQnmuN3kVsRdt+GZPPjiVQ==",
      "deprecated": "This is a stub types definition for axios (https://github.com/mzabriskie/axios). axios provides its own type definitions, so you don't need @types/axios installed!",
      "dependencies": {
        "axios": "*"
      }
    },
    "node_modules/@types/dotenv": {
      "version": "8.2.0",
      "resolved": "https://registry.npmjs.org/@types/dotenv/-/dotenv-8.2.0.tgz",
      "integrity": "sha512-ylSC9GhfRH7m1EUXBXofhgx4lUWmFeQDINW5oLuS+gxWdfUeW4zJdeVTYVkexEW+e2VUvlZR2kGnGGipAWR7kw==",
      "deprecated": "This is a stub types definition. dotenv provides its own type definitions, so you do not need this installed.",
      "dependencies": {
        "dotenv": "*"
      }
    },
    "node_modules/@types/node": {
      "version": "20.2.5",
      "resolved": "https://registry.npmjs.org/@types/node/-/node-20.2.5.tgz",
      "integrity": "sha512-JJulVEQXmiY9Px5axXHeYGLSjhkZEnD+MDPDGbCbIAbMslkKwmygtZFy1X6s/075Yo94sf8GuSlFfPzysQrWZQ=="
    },
    "node_modules/@types/node-schedule": {
      "version": "2.1.0",
      "resolved": "https://registry.npmjs.org/@types/node-schedule/-/node-schedule-2.1.0.tgz",
      "integrity": "sha512-NiTwl8YN3v/1YCKrDFSmCTkVxFDylueEqsOFdgF+vPsm+AlyJKGAo5yzX1FiOxPsZiN6/r8gJitYx2EaSuBmmg==",
      "dependencies": {
        "@types/node": "*"
      }
    },
    "node_modules/@types/reddit": {
      "version": "1.2.1",
      "resolved": "https://registry.npmjs.org/@types/reddit/-/reddit-1.2.1.tgz",
      "integrity": "sha512-EGun4Rw3c0nmCrqBFSf56zjOQ7FlgfacltCwLjnuhzc/KY+DmvLB1ffuDkuN6NszjI/ggzUYsCLJhM3Whta/0g==",
      "dev": true
    },
    "node_modules/asynckit": {
      "version": "0.4.0",
      "resolved": "https://registry.npmjs.org/asynckit/-/asynckit-0.4.0.tgz",
      "integrity": "sha512-Oei9OH4tRh0YqU3GxhX79dM/mwVgvbZJaSNaRk+bshkj0S5cfHcgYakreBjrHwatXKbz+IoIdYLxrKim2MjW0Q=="
    },
    "node_modules/axios": {
      "version": "1.4.0",
      "resolved": "https://registry.npmjs.org/axios/-/axios-1.4.0.tgz",
      "integrity": "sha512-S4XCWMEmzvo64T9GfvQDOXgYRDJ/wsSZc7Jvdgx5u1sd0JwsuPLqb3SYmusag+edF6ziyMensPVqLTSc1PiSEA==",
      "dependencies": {
        "follow-redirects": "^1.15.0",
        "form-data": "^4.0.0",
        "proxy-from-env": "^1.1.0"
      }
    },
    "node_modules/combined-stream": {
      "version": "1.0.8",
      "resolved": "https://registry.npmjs.org/combined-stream/-/combined-stream-1.0.8.tgz",
      "integrity": "sha512-FQN4MRfuJeHf7cBbBMJFXhKSDq+2kAArBlmRBvcvFE5BB1HZKXtSFASDhdlz9zOYwxh8lDdnvmMOe/+5cdoEdg==",
      "dependencies": {
        "delayed-stream": "~1.0.0"
      },
      "engines": {
        "node": ">= 0.8"
      }
    },
    "node_modules/cron-parser": {
      "version": "4.8.1",
      "resolved": "https://registry.npmjs.org/cron-parser/-/cron-parser-4.8.1.tgz",
      "integrity": "sha512-jbokKWGcyU4gl6jAfX97E1gDpY12DJ1cLJZmoDzaAln/shZ+S3KBFBuA2Q6WeUN4gJf/8klnV1EfvhA2lK5IRQ==",
      "dependencies": {
        "luxon": "^3.2.1"
      },
      "engines": {
        "node": ">=12.0.0"
      }
    },
    "node_modules/debug": {
      "version": "4.3.4",
      "resolved": "https://registry.npmjs.org/debug/-/debug-4.3.4.tgz",
      "integrity": "sha512-PRWFHuSU3eDtQJPvnNY7Jcket1j0t5OuOsFzPPzsekD52Zl8qUfFIPEiswXqIvHWGVHOgX+7G/vCNNhehwxfkQ==",
      "dependencies": {
        "ms": "2.1.2"
      },
      "engines": {
        "node": ">=6.0"
      },
      "peerDependenciesMeta": {
        "supports-color": {
          "optional": true
        }
      }
    },
    "node_modules/decompress-response": {
      "version": "4.2.1",
      "resolved": "https://registry.npmjs.org/decompress-response/-/decompress-response-4.2.1.tgz",
      "integrity": "sha512-jOSne2qbyE+/r8G1VU+G/82LBs2Fs4LAsTiLSHOCOMZQl2OKZ6i8i4IyHemTe+/yIXOtTcRQMzPcgyhoFlqPkw==",
      "dependencies": {
        "mimic-response": "^2.0.0"
      },
      "engines": {
        "node": ">=8"
      }
    },
    "node_modules/delayed-stream": {
      "version": "1.0.0",
      "resolved": "https://registry.npmjs.org/delayed-stream/-/delayed-stream-1.0.0.tgz",
      "integrity": "sha512-ZySD7Nf91aLB0RxL4KGrKHBXl7Eds1DAmEdcoVawXnLD7SDhpNgtuII2aAkg7a7QS41jxPSZ17p4VdGnMHk3MQ==",
      "engines": {
        "node": ">=0.4.0"
      }
    },
    "node_modules/dotenv": {
      "version": "16.1.4",
      "resolved": "https://registry.npmjs.org/dotenv/-/dotenv-16.1.4.tgz",
      "integrity": "sha512-m55RtE8AsPeJBpOIFKihEmqUcoVncQIwo7x9U8ZwLEZw9ZpXboz2c+rvog+jUaJvVrZ5kBOeYQBX5+8Aa/OZQw==",
      "engines": {
        "node": ">=12"
      },
      "funding": {
        "url": "https://github.com/motdotla/dotenv?sponsor=1"
      }
    },
    "node_modules/follow-redirects": {
      "version": "1.15.2",
      "resolved": "https://registry.npmjs.org/follow-redirects/-/follow-redirects-1.15.2.tgz",
      "integrity": "sha512-VQLG33o04KaQ8uYi2tVNbdrWp1QWxNNea+nmIB4EVM28v0hmP17z7aG1+wAkNzVq4KeXTq3221ye5qTJP91JwA==",
      "funding": [
        {
          "type": "individual",
          "url": "https://github.com/sponsors/RubenVerborgh"
        }
      ],
      "engines": {
        "node": ">=4.0"
      },
      "peerDependenciesMeta": {
        "debug": {
          "optional": true
        }
      }
    },
    "node_modules/form-data": {
      "version": "4.0.0",
      "resolved": "https://registry.npmjs.org/form-data/-/form-data-4.0.0.tgz",
      "integrity": "sha512-ETEklSGi5t0QMZuiXoA/Q6vcnxcLQP5vdugSpuAyi6SVGi2clPPp+xgEhuMaHC+zGgn31Kd235W35f7Hykkaww==",
      "dependencies": {
        "asynckit": "^0.4.0",
        "combined-stream": "^1.0.8",
        "mime-types": "^2.1.12"
      },
      "engines": {
        "node": ">= 6"
      }
    },
    "node_modules/long-timeout": {
      "version": "0.1.1",
      "resolved": "https://registry.npmjs.org/long-timeout/-/long-timeout-0.1.1.tgz",
      "integrity": "sha512-BFRuQUqc7x2NWxfJBCyUrN8iYUYznzL9JROmRz1gZ6KlOIgmoD+njPVbb+VNn2nGMKggMsK79iUNErillsrx7w=="
    },
    "node_modules/luxon": {
      "version": "3.3.0",
      "resolved": "https://registry.npmjs.org/luxon/-/luxon-3.3.0.tgz",
      "integrity": "sha512-An0UCfG/rSiqtAIiBPO0Y9/zAnHUZxAMiCpTd5h2smgsj7GGmcenvrvww2cqNA8/4A5ZrD1gJpHN2mIHZQF+Mg==",
      "engines": {
        "node": ">=12"
      }
    },
    "node_modules/mime-db": {
      "version": "1.52.0",
      "resolved": "https://registry.npmjs.org/mime-db/-/mime-db-1.52.0.tgz",
      "integrity": "sha512-sPU4uV7dYlvtWJxwwxHD0PuihVNiE7TyAbQ5SWxDCB9mUYvOgroQOwYQQOKPJ8CIbE+1ETVlOoK1UC2nU3gYvg==",
      "engines": {
        "node": ">= 0.6"
      }
    },
    "node_modules/mime-types": {
      "version": "2.1.35",
      "resolved": "https://registry.npmjs.org/mime-types/-/mime-types-2.1.35.tgz",
      "integrity": "sha512-ZDY+bPm5zTTF+YpCrAU9nK0UgICYPT0QtT1NZWFv4s++TNkcgVaT0g6+4R2uI4MjQjzysHB1zxuWL50hzaeXiw==",
      "dependencies": {
        "mime-db": "1.52.0"
      },
      "engines": {
        "node": ">= 0.6"
      }
    },
    "node_modules/mimic-response": {
      "version": "2.1.0",
      "resolved": "https://registry.npmjs.org/mimic-response/-/mimic-response-2.1.0.tgz",
      "integrity": "sha512-wXqjST+SLt7R009ySCglWBCFpjUygmCIfD790/kVbiGmUgfYGuB14PiTd5DwVxSV4NcYHjzMkoj5LjQZwTQLEA==",
      "engines": {
        "node": ">=8"
      },
      "funding": {
        "url": "https://github.com/sponsors/sindresorhus"
      }
    },
    "node_modules/ms": {
      "version": "2.1.2",
      "resolved": "https://registry.npmjs.org/ms/-/ms-2.1.2.tgz",
      "integrity": "sha512-sGkPx+VjMtmA6MX27oA4FBFELFCZZ4S4XqeGOXCv68tT+jb3vk/RyaKWP0PTKyWtmLSM0b+adUTEvbs1PEaH2w=="
    },
    "node_modules/node-schedule": {
      "version": "2.1.1",
      "resolved": "https://registry.npmjs.org/node-schedule/-/node-schedule-2.1.1.tgz",
      "integrity": "sha512-OXdegQq03OmXEjt2hZP33W2YPs/E5BcFQks46+G2gAxs4gHOIVD1u7EqlYLYSKsaIpyKCK9Gbk0ta1/gjRSMRQ==",
      "dependencies": {
        "cron-parser": "^4.2.0",
        "long-timeout": "0.1.1",
        "sorted-array-functions": "^1.3.0"
      },
      "engines": {
        "node": ">=6"
      }
    },
    "node_modules/once": {
      "version": "1.4.0",
      "resolved": "https://registry.npmjs.org/once/-/once-1.4.0.tgz",
      "integrity": "sha512-lNaJgI+2Q5URQBkccEKHTQOPaXdUxnZZElQTZY0MFUAuaEqe1E+Nyvgdz/aIyNi6Z9MzO5dv1H8n58/GELp3+w==",
      "dependencies": {
        "wrappy": "1"
      }
    },
    "node_modules/proxy-from-env": {
      "version": "1.1.0",
      "resolved": "https://registry.npmjs.org/proxy-from-env/-/proxy-from-env-1.1.0.tgz",
      "integrity": "sha512-D+zkORCbA9f1tdWRK0RaCR3GPv50cMxcrz4X8k5LTSUD1Dkw47mKJEZQNunItRTkWwgtaUSo1RVFRIG9ZXiFYg=="
    },
    "node_modules/reddit": {
      "version": "1.2.1",
      "resolved": "https://registry.npmjs.org/reddit/-/reddit-1.2.1.tgz",
      "integrity": "sha512-VOpVOi079VS6H78q+y+7Sgk3XCKbCvRNi3roZNzmvg1m7DFQZ7JT1GJAoTo7AZtWmSFDvRXnYYXJt32llqGlrg==",
      "funding": [
        {
          "type": "github",
          "url": "https://github.com/sponsors/feross"
        },
        {
          "type": "patreon",
          "url": "https://www.patreon.com/feross"
        },
        {
          "type": "consulting",
          "url": "https://feross.org/support"
        }
      ],
      "dependencies": {
        "debug": "^4.1.1",
        "simple-get": "^3.1.0"
      }
    },
    "node_modules/simple-concat": {
      "version": "1.0.1",
      "resolved": "https://registry.npmjs.org/simple-concat/-/simple-concat-1.0.1.tgz",
      "integrity": "sha512-cSFtAPtRhljv69IK0hTVZQ+OfE9nePi/rtJmw5UjHeVyVroEqJXP1sFztKUy1qU+xvz3u/sfYJLa947b7nAN2Q==",
      "funding": [
        {
          "type": "github",
          "url": "https://github.com/sponsors/feross"
        },
        {
          "type": "patreon",
          "url": "https://www.patreon.com/feross"
        },
        {
          "type": "consulting",
          "url": "https://feross.org/support"
        }
      ]
    },
    "node_modules/simple-get": {
      "version": "3.1.1",
      "resolved": "https://registry.npmjs.org/simple-get/-/simple-get-3.1.1.tgz",
      "integrity": "sha512-CQ5LTKGfCpvE1K0n2us+kuMPbk/q0EKl82s4aheV9oXjFEz6W/Y7oQFVJuU6QG77hRT4Ghb5RURteF5vnWjupA==",
      "dependencies": {
        "decompress-response": "^4.2.0",
        "once": "^1.3.1",
        "simple-concat": "^1.0.0"
      }
    },
    "node_modules/sorted-array-functions": {
      "version": "1.3.0",
      "resolved": "https://registry.npmjs.org/sorted-array-functions/-/sorted-array-functions-1.3.0.tgz",
      "integrity": "sha512-2sqgzeFlid6N4Z2fUQ1cvFmTOLRi/sEDzSQ0OKYchqgoPmQBVyM3959qYx3fpS6Esef80KjmpgPeEr028dP3OA=="
    },
    "node_modules/wrappy": {
      "version": "1.0.2",
      "resolved": "https://registry.npmjs.org/wrappy/-/wrappy-1.0.2.tgz",
      "integrity": "sha512-l4Sp/DRseor9wL6EvV2+TuQn63dMkPjZ/sp9XkghTEbV9KlPS1xUsZ3u7/IQO4wxtcFB4bgpQPRcR3QCvezPcQ=="
    }
  }
}
